
Microsoft Visual Studio Solution File, Format Version 12.00
# Visual Studio Version 17
VisualStudioVersion = 17.5.002.0
MinimumVisualStudioVersion = 10.0.40219.1
Project("{9A19103F-16F7-4668-BE54-9A1E7A4F7556}") = "Convertendo", "Convertendo\Convertendo.csproj", "{F766C33C-B97E-49A8-8A03-51C509ADF8FF}"
EndProject
Project("{9A19103F-16F7-4668-BE54-9A1E7A4F7556}") = "Escopo", "Escopo\Escopo.csproj", "{930666B2-6E1C-4C31-92CB-EDBAC24D76D5}"
EndProject
Project("{9A19103F-16F7-4668-BE54-9A1E7A4F7556}") = "EstruturasCondicionais", "EstruturasCondicionais\EstruturasCondicionais.csproj", "{3C178C36-2CF6-4FE8-BF60-784BB2D1DA3A}"
EndProject
Project("{9A19103F-16F7-4668-BE54-9A1E7A4F7556}") = "Operadores", "Operadores\Operadores.csproj", "{E509FDE2-BC45-4A16-80B6-468044486120}"
EndProject
Project("{9A19103F-16F7-4668-BE54-9A1E7A4F7556}") = "TiposNulos", "TiposNulos\TiposNulos.csproj", "{284B5454-437E-4506-BB75-549ED90EDA4E}"
EndProject
Project("{9A19103F-16F7-4668-BE54-9A1E7A4F7556}") = "TiposPrimitivos", "TiposPrimitivos\TiposPrimitivos.csproj", "{3295EDDE-53D1-49D6-8BEC-DF5854BA111B}"
EndProject
Project("{9A19103F-16F7-4668-BE54-9A1E7A4F7556}") = "Variaveis", "Variaveis\Variaveis.csproj", "{44DE298F-78D2-46C6-81A9-3EDC5879DF8C}"
EndProject
Global
	GlobalSection(SolutionConfigurationPlatforms) = preSolution
		Debug|Any CPU = Debug|Any CPU
		Release|Any CPU = Release|Any CPU
	EndGlobalSection
	GlobalSection(ProjectConfigurationPlatforms) = postSolution
		{F766C33C-B97E-49A8-8A03-51C509ADF8FF}.Debug|Any CPU.ActiveCfg = Debug|Any CPU
		{F766C33C-B97E-49A8-8A03-51C509ADF8FF}.Debug|Any CPU.Build.0 = Debug|Any CPU
		{F766C33C-B97E-49A8-8A03-51C509ADF8FF}.Release|Any CPU.ActiveCfg = Release|Any CPU
		{F766C33C-B97E-49A8-8A03-51C509ADF8FF}.Release|Any CPU.Build.0 = Release|Any CPU
		{930666B2-6E1C-4C31-92CB-EDBAC24D76D5}.Debug|Any CPU.ActiveCfg = Debug|Any CPU
		{930666B2-6E1C-4C31-92CB-EDBAC24D76D5}.Debug|Any CPU.Build.0 = Debug|Any CPU
		{930666B2-6E1C-4C31-92CB-EDBAC24D76D5}.Release|Any CPU.ActiveCfg = Release|Any CPU
		{930666B2-6E1C-4C31-92CB-EDBAC24D76D5}.Release|Any CPU.Build.0 = Release|Any CPU
		{3C178C36-2CF6-4FE8-BF60-784BB2D1DA3A}.Debug|Any CPU.ActiveCfg = Debug|Any CPU
		{3C178C36-2CF6-4FE8-BF60-784BB2D1DA3A}.Debug|Any CPU.Build.0 = Debug|Any CPU
		{3C178C36-2CF6-4FE8-BF60-784BB2D1DA3A}.Release|Any CPU.ActiveCfg = Release|Any CPU
		{3C178C36-2CF6-4FE8-BF60-784BB2D1DA3A}.Release|Any CPU.Build.0 = Release|Any CPU
		{E509FDE2-BC45-4A16-80B6-468044486120}.Debug|Any CPU.ActiveCfg = Debug|Any CPU
		{E509FDE2-BC45-4A16-80B6-468044486120}.Debug|Any CPU.Build.0 = Debug|Any CPU
		{E509FDE2-BC45-4A16-80B6-468044486120}.Release|Any CPU.ActiveCfg = Release|Any CPU
		{E509FDE2-BC45-4A16-80B6-468044486120}.Release|Any CPU.Build.0 = Release|Any CPU
		{284B5454-437E-4506-BB75-549ED90EDA4E}.Debug|Any CPU.ActiveCfg = Debug|Any CPU
		{284B5454-437E-4506-BB75-549ED90EDA4E}.Debug|Any CPU.Build.0 = Debug|Any CPU
		{284B5454-437E-4506-BB75-549ED90EDA4E}.Release|Any CPU.ActiveCfg = Release|Any CPU
		{284B5454-437E-4506-BB75-549ED90EDA4E}.Release|Any CPU.Build.0 = Release|Any CPU
		{3295EDDE-53D1-49D6-8BEC-DF5854BA111B}.Debug|Any CPU.ActiveCfg = Debug|Any CPU
		{3295EDDE-53D1-49D6-8BEC-DF5854BA111B}.Debug|Any CPU.Build.0 = Debug|Any CPU
		{3295EDDE-53D1-49D6-8BEC-DF5854BA111B}.Release|Any CPU.ActiveCfg = Release|Any CPU
		{3295EDDE-53D1-49D6-8BEC-DF5854BA111B}.Release|Any CPU.Build.0 = Release|Any CPU
		{44DE298F-78D2-46C6-81A9-3EDC5879DF8C}.Debug|Any CPU.ActiveCfg = Debug|Any CPU
		{44DE298F-78D2-46C6-81A9-3EDC5879DF8C}.Debug|Any CPU.Build.0 = Debug|Any CPU
		{44DE298F-78D2-46C6-81A9-3EDC5879DF8C}.Release|Any CPU.ActiveCfg = Release|Any CPU
		{44DE298F-78D2-46C6-81A9-3EDC5879DF8C}.Release|Any CPU.Build.0 = Release|Any CPU
	EndGlobalSection
	GlobalSection(SolutionProperties) = preSolution
		HideSolutionNode = FALSE
	EndGlobalSection
	GlobalSection(ExtensibilityGlobals) = postSolution
		SolutionGuid = {19326CCC-6A48-4934-A081-3CD030FEC917}
	EndGlobalSection
EndGlobal
