
Microsoft Visual Studio Solution File, Format Version 12.00
# Visual Studio Version 17
VisualStudioVersion = 17.5.002.0
MinimumVisualStudioVersion = 10.0.40219.1
Project("{9A19103F-16F7-4668-BE54-9A1E7A4F7556}") = "Convertendo", "Convertendo\Convertendo.csproj", "{769BCAD9-98AF-43A0-955D-CF7F44AAC8D4}"
EndProject
Project("{9A19103F-16F7-4668-BE54-9A1E7A4F7556}") = "Escopo", "Escopo\Escopo.csproj", "{0FD81A1D-8A0F-4116-954C-A8B16CDED8B2}"
EndProject
Project("{9A19103F-16F7-4668-BE54-9A1E7A4F7556}") = "TiposNulos", "TiposNulos\TiposNulos.csproj", "{92BFF247-D610-4CC9-B618-4B1685681307}"
EndProject
Project("{9A19103F-16F7-4668-BE54-9A1E7A4F7556}") = "TiposPrimitivos", "TiposPrimitivos\TiposPrimitivos.csproj", "{BAED5ABD-3FCF-42F3-9F0D-8B6D82AFCDC9}"
EndProject
Project("{9A19103F-16F7-4668-BE54-9A1E7A4F7556}") = "Variaveis", "Variaveis\Variaveis.csproj", "{502C75C7-28EF-4796-8053-6522EBC17D62}"
EndProject
Global
	GlobalSection(SolutionConfigurationPlatforms) = preSolution
		Debug|Any CPU = Debug|Any CPU
		Release|Any CPU = Release|Any CPU
	EndGlobalSection
	GlobalSection(ProjectConfigurationPlatforms) = postSolution
		{769BCAD9-98AF-43A0-955D-CF7F44AAC8D4}.Debug|Any CPU.ActiveCfg = Debug|Any CPU
		{769BCAD9-98AF-43A0-955D-CF7F44AAC8D4}.Debug|Any CPU.Build.0 = Debug|Any CPU
		{769BCAD9-98AF-43A0-955D-CF7F44AAC8D4}.Release|Any CPU.ActiveCfg = Release|Any CPU
		{769BCAD9-98AF-43A0-955D-CF7F44AAC8D4}.Release|Any CPU.Build.0 = Release|Any CPU
		{0FD81A1D-8A0F-4116-954C-A8B16CDED8B2}.Debug|Any CPU.ActiveCfg = Debug|Any CPU
		{0FD81A1D-8A0F-4116-954C-A8B16CDED8B2}.Debug|Any CPU.Build.0 = Debug|Any CPU
		{0FD81A1D-8A0F-4116-954C-A8B16CDED8B2}.Release|Any CPU.ActiveCfg = Release|Any CPU
		{0FD81A1D-8A0F-4116-954C-A8B16CDED8B2}.Release|Any CPU.Build.0 = Release|Any CPU
		{92BFF247-D610-4CC9-B618-4B1685681307}.Debug|Any CPU.ActiveCfg = Debug|Any CPU
		{92BFF247-D610-4CC9-B618-4B1685681307}.Debug|Any CPU.Build.0 = Debug|Any CPU
		{92BFF247-D610-4CC9-B618-4B1685681307}.Release|Any CPU.ActiveCfg = Release|Any CPU
		{92BFF247-D610-4CC9-B618-4B1685681307}.Release|Any CPU.Build.0 = Release|Any CPU
		{BAED5ABD-3FCF-42F3-9F0D-8B6D82AFCDC9}.Debug|Any CPU.ActiveCfg = Debug|Any CPU
		{BAED5ABD-3FCF-42F3-9F0D-8B6D82AFCDC9}.Debug|Any CPU.Build.0 = Debug|Any CPU
		{BAED5ABD-3FCF-42F3-9F0D-8B6D82AFCDC9}.Release|Any CPU.ActiveCfg = Release|Any CPU
		{BAED5ABD-3FCF-42F3-9F0D-8B6D82AFCDC9}.Release|Any CPU.Build.0 = Release|Any CPU
		{502C75C7-28EF-4796-8053-6522EBC17D62}.Debug|Any CPU.ActiveCfg = Debug|Any CPU
		{502C75C7-28EF-4796-8053-6522EBC17D62}.Debug|Any CPU.Build.0 = Debug|Any CPU
		{502C75C7-28EF-4796-8053-6522EBC17D62}.Release|Any CPU.ActiveCfg = Release|Any CPU
		{502C75C7-28EF-4796-8053-6522EBC17D62}.Release|Any CPU.Build.0 = Release|Any CPU
	EndGlobalSection
	GlobalSection(SolutionProperties) = preSolution
		HideSolutionNode = FALSE
	EndGlobalSection
	GlobalSection(ExtensibilityGlobals) = postSolution
		SolutionGuid = {19326CCC-6A48-4934-A081-3CD030FEC917}
	EndGlobalSection
EndGlobal
